
Microsoft Visual Studio Solution File, Format Version 12.00
# Visual Studio 2012
Project("{FAE04EC0-301F-11D3-BF4B-00C04F79EFBC}") = "HelloWorld", "HelloWorld\HelloWorld.csproj", "{C798D7C8-0C92-413A-A9B3-011F98CABC0A}"
EndProject
Project("{2150E333-8FDC-42A3-9474-1A3956D46DE8}") = ".nuget", ".nuget", "{F270160B-D813-4414-BC5D-9B11CEF27880}"
	ProjectSection(SolutionItems) = preProject
		.nuget\NuGet.Config = .nuget\NuGet.Config
		.nuget\NuGet.exe = .nuget\NuGet.exe
		.nuget\NuGet.targets = .nuget\NuGet.targets
	EndProjectSection
EndProject
Global
	GlobalSection(SolutionConfigurationPlatforms) = preSolution
		Debug|Any CPU = Debug|Any CPU
		Release|Any CPU = Release|Any CPU
	EndGlobalSection
	GlobalSection(ProjectConfigurationPlatforms) = postSolution
		{C798D7C8-0C92-413A-A9B3-011F98CABC0A}.Debug|Any CPU.ActiveCfg = Debug|Any CPU
		{C798D7C8-0C92-413A-A9B3-011F98CABC0A}.Debug|Any CPU.Build.0 = Debug|Any CPU
		{C798D7C8-0C92-413A-A9B3-011F98CABC0A}.Release|Any CPU.ActiveCfg = Release|Any CPU
		{C798D7C8-0C92-413A-A9B3-011F98CABC0A}.Release|Any CPU.Build.0 = Release|Any CPU
	EndGlobalSection
	GlobalSection(SolutionProperties) = preSolution
		HideSolutionNode = FALSE
	EndGlobalSection
EndGlobal
