
Microsoft Visual Studio Solution File, Format Version 12.00
# Visual Studio 2012
Project("{FAE04EC0-301F-11D3-BF4B-00C04F79EFBC}") = "SearchPortal.Web", "SearchPortal.Web\SearchPortal.Web.csproj", "{338D67D6-9FB0-4A78-986C-8C97B89EA594}"
EndProject
Project("{2150E333-8FDC-42A3-9474-1A3956D46DE8}") = ".nuget", ".nuget", "{7FAFDFC9-6160-4228-AC32-363B9CAAA92E}"
	ProjectSection(SolutionItems) = preProject
		.nuget\NuGet.Config = .nuget\NuGet.Config
		.nuget\NuGet.exe = .nuget\NuGet.exe
		.nuget\NuGet.targets = .nuget\NuGet.targets
	EndProjectSection
EndProject
Project("{FAE04EC0-301F-11D3-BF4B-00C04F79EFBC}") = "SearchPortal.Plugins.SearchEngines.Bing", "SearchPortal.Plugins.SearchEngines.Bing\SearchPortal.Plugins.SearchEngines.Bing.csproj", "{8EFFB197-F63C-4023-B9A8-152C30EB09E1}"
EndProject
Project("{FAE04EC0-301F-11D3-BF4B-00C04F79EFBC}") = "SearchPortal.Plugins.SearchEngines.Google", "SearchPortal.Plugins.SearchEngines.Google\SearchPortal.Plugins.SearchEngines.Google.csproj", "{9192BB7C-A578-433C-8DF8-B6B1803FEFF9}"
EndProject
Project("{FAE04EC0-301F-11D3-BF4B-00C04F79EFBC}") = "SearchPortal.Plugins.SearchEngines.DuckDuckGo", "SearchPortal.Plugins.SearchEngines.DuckDuckGo\SearchPortal.Plugins.SearchEngines.DuckDuckGo.csproj", "{AE759ED5-20F3-4E09-86E5-FA46223DEF5F}"
EndProject
Global
	GlobalSection(SolutionConfigurationPlatforms) = preSolution
		Debug|Any CPU = Debug|Any CPU
		Release|Any CPU = Release|Any CPU
	EndGlobalSection
	GlobalSection(ProjectConfigurationPlatforms) = postSolution
		{338D67D6-9FB0-4A78-986C-8C97B89EA594}.Debug|Any CPU.ActiveCfg = Debug|Any CPU
		{338D67D6-9FB0-4A78-986C-8C97B89EA594}.Debug|Any CPU.Build.0 = Debug|Any CPU
		{338D67D6-9FB0-4A78-986C-8C97B89EA594}.Release|Any CPU.ActiveCfg = Release|Any CPU
		{338D67D6-9FB0-4A78-986C-8C97B89EA594}.Release|Any CPU.Build.0 = Release|Any CPU
		{8EFFB197-F63C-4023-B9A8-152C30EB09E1}.Debug|Any CPU.ActiveCfg = Debug|Any CPU
		{8EFFB197-F63C-4023-B9A8-152C30EB09E1}.Debug|Any CPU.Build.0 = Debug|Any CPU
		{8EFFB197-F63C-4023-B9A8-152C30EB09E1}.Release|Any CPU.ActiveCfg = Release|Any CPU
		{8EFFB197-F63C-4023-B9A8-152C30EB09E1}.Release|Any CPU.Build.0 = Release|Any CPU
		{9192BB7C-A578-433C-8DF8-B6B1803FEFF9}.Debug|Any CPU.ActiveCfg = Debug|Any CPU
		{9192BB7C-A578-433C-8DF8-B6B1803FEFF9}.Debug|Any CPU.Build.0 = Debug|Any CPU
		{9192BB7C-A578-433C-8DF8-B6B1803FEFF9}.Release|Any CPU.ActiveCfg = Release|Any CPU
		{9192BB7C-A578-433C-8DF8-B6B1803FEFF9}.Release|Any CPU.Build.0 = Release|Any CPU
		{AE759ED5-20F3-4E09-86E5-FA46223DEF5F}.Debug|Any CPU.ActiveCfg = Debug|Any CPU
		{AE759ED5-20F3-4E09-86E5-FA46223DEF5F}.Debug|Any CPU.Build.0 = Debug|Any CPU
		{AE759ED5-20F3-4E09-86E5-FA46223DEF5F}.Release|Any CPU.ActiveCfg = Release|Any CPU
		{AE759ED5-20F3-4E09-86E5-FA46223DEF5F}.Release|Any CPU.Build.0 = Release|Any CPU
	EndGlobalSection
	GlobalSection(SolutionProperties) = preSolution
		HideSolutionNode = FALSE
	EndGlobalSection
EndGlobal
